
Microsoft Visual Studio Solution File, Format Version 12.00
# Visual Studio Version 17
VisualStudioVersion = 17.14.36811.4 d17.14
MinimumVisualStudioVersion = 10.0.40219.1
Project("{FAE04EC0-301F-11D3-BF4B-00C04F79EFBC}") = "MVP", "MVP\MVP.csproj", "{EBD15AED-A1A4-4412-A045-0A1B496A6A17}"
EndProject
Global
	GlobalSection(SolutionConfigurationPlatforms) = preSolution
		Debug|Any CPU = Debug|Any CPU
		Release|Any CPU = Release|Any CPU
	EndGlobalSection
	GlobalSection(ProjectConfigurationPlatforms) = postSolution
		{EBD15AED-A1A4-4412-A045-0A1B496A6A17}.Debug|Any CPU.ActiveCfg = Debug|Any CPU
		{EBD15AED-A1A4-4412-A045-0A1B496A6A17}.Debug|Any CPU.Build.0 = Debug|Any CPU
		{EBD15AED-A1A4-4412-A045-0A1B496A6A17}.Release|Any CPU.ActiveCfg = Release|Any CPU
		{EBD15AED-A1A4-4412-A045-0A1B496A6A17}.Release|Any CPU.Build.0 = Release|Any CPU
	EndGlobalSection
	GlobalSection(SolutionProperties) = preSolution
		HideSolutionNode = FALSE
	EndGlobalSection
	GlobalSection(ExtensibilityGlobals) = postSolution
		SolutionGuid = {68AEE916-9D7E-4E89-B636-9FA90A66F584}
	EndGlobalSection
EndGlobal
